
Microsoft Visual Studio Solution File, Format Version 12.00
# Visual Studio 14
VisualStudioVersion = 14.0.25123.0
MinimumVisualStudioVersion = 10.0.40219.1
Project("{2150E333-8FDC-42A3-9474-1A3956D46DE8}") = "Test", "Test", "{95A24E08-EC35-403C-A062-7BC9E5D3296A}"
EndProject
Project("{FAE04EC0-301F-11D3-BF4B-00C04F79EFBC}") = "PullToRefresharpDroid.Sample", "PullToRefresharpDroid.Sample\PullToRefresharpDroid.Sample.csproj", "{0100B9A6-0ECF-47BB-BC5E-30F63071812C}"
EndProject
Project("{FAE04EC0-301F-11D3-BF4B-00C04F79EFBC}") = "PullToRefresharpDroid.Core", "PullToRefresharpDroid.Core\PullToRefresharpDroid.Core.csproj", "{09C07E4E-9C99-4A90-A024-79E9EB123076}"
EndProject
Project("{FAE04EC0-301F-11D3-BF4B-00C04F79EFBC}") = "Sino.MvvmCross.Droid.PullToRefresh", "Sino.MvvmCross.Droid.PullToRefresh\Sino.MvvmCross.Droid.PullToRefresh.csproj", "{E2AB88A1-DA04-4500-9915-1044324CC3AA}"
EndProject
Global
	GlobalSection(SolutionConfigurationPlatforms) = preSolution
		Debug|Any CPU = Debug|Any CPU
		Release|Any CPU = Release|Any CPU
	EndGlobalSection
	GlobalSection(ProjectConfigurationPlatforms) = postSolution
		{0100B9A6-0ECF-47BB-BC5E-30F63071812C}.Debug|Any CPU.ActiveCfg = Debug|Any CPU
		{0100B9A6-0ECF-47BB-BC5E-30F63071812C}.Debug|Any CPU.Build.0 = Debug|Any CPU
		{0100B9A6-0ECF-47BB-BC5E-30F63071812C}.Debug|Any CPU.Deploy.0 = Debug|Any CPU
		{0100B9A6-0ECF-47BB-BC5E-30F63071812C}.Release|Any CPU.ActiveCfg = Release|Any CPU
		{0100B9A6-0ECF-47BB-BC5E-30F63071812C}.Release|Any CPU.Build.0 = Release|Any CPU
		{0100B9A6-0ECF-47BB-BC5E-30F63071812C}.Release|Any CPU.Deploy.0 = Release|Any CPU
		{09C07E4E-9C99-4A90-A024-79E9EB123076}.Debug|Any CPU.ActiveCfg = Debug|Any CPU
		{09C07E4E-9C99-4A90-A024-79E9EB123076}.Debug|Any CPU.Build.0 = Debug|Any CPU
		{09C07E4E-9C99-4A90-A024-79E9EB123076}.Release|Any CPU.ActiveCfg = Release|Any CPU
		{09C07E4E-9C99-4A90-A024-79E9EB123076}.Release|Any CPU.Build.0 = Release|Any CPU
		{E2AB88A1-DA04-4500-9915-1044324CC3AA}.Debug|Any CPU.ActiveCfg = Debug|Any CPU
		{E2AB88A1-DA04-4500-9915-1044324CC3AA}.Debug|Any CPU.Build.0 = Debug|Any CPU
		{E2AB88A1-DA04-4500-9915-1044324CC3AA}.Release|Any CPU.ActiveCfg = Release|Any CPU
		{E2AB88A1-DA04-4500-9915-1044324CC3AA}.Release|Any CPU.Build.0 = Release|Any CPU
	EndGlobalSection
	GlobalSection(SolutionProperties) = preSolution
		HideSolutionNode = FALSE
	EndGlobalSection
	GlobalSection(NestedProjects) = preSolution
		{0100B9A6-0ECF-47BB-BC5E-30F63071812C} = {95A24E08-EC35-403C-A062-7BC9E5D3296A}
		{09C07E4E-9C99-4A90-A024-79E9EB123076} = {95A24E08-EC35-403C-A062-7BC9E5D3296A}
	EndGlobalSection
EndGlobal
